lockfileVersion: '9.0'

settings:
  autoInstallPeers: true
  excludeLinksFromLockfile: false

importers:

  .:
    dependencies:
      '@dnd-kit/core':
        specifier: ^6.3.1
        version: 6.3.1(react-dom@19.2.6(react@19.2.6))(react@19.2.6)
      '@dnd-kit/sortable':
        specifier: ^10.0.0
        version: 10.0.0(@dnd-kit/core@6.3.1(react-dom@19.2.6(react@19.2.6))(react@19.2.6))(react@19.2.6)
      '@dnd-kit/utilities':
        specifier: ^3.2.2
        version: 3.2.2(react@19.2.6)
      '@fontsource/inter':
        specifier: ^5.2.8
        version: 5.2.8
      '@fontsource/jetbrains-mono':
        specifier: ^5.2.8
        version: 5.2.8
      '@radix-ui/react-slot':
        specifier: ^1.1.2
        version: 1.2.4(@types/react@19.2.15)(react@19.2.6)
      '@tauri-apps/api':
        specifier: ^2.0.0
        version: 2.11.0
      '@tauri-apps/cli':
        specifier: ^2.0.0
        version: 2.11.2
      '@tauri-apps/plugin-dialog':
        specifier: ^2.7.1
        version: 2.7.1
      class-variance-authority:
        specifier: ^0.7.1
        version: 0.7.1
      clsx:
        specifier: ^2.1.1
        version: 2.1.1
      lucide-react:
        specifier: ^0.468.0
        version: 0.468.0(react@19.2.6)
      react:
        specifier: ^19.0.0
        version: 19.2.6
      react-dom:
        specifier: ^19.0.0
        version: 19.2.6(react@19.2.6)
      tailwind-merge:
        specifier: ^2.5.5
        version: 2.6.1
      typescript:
        specifier: ^5.8.0
        version: 5.9.3
      vite:
        specifier: ^6.0.0
        version: 6.4.2(@types/node@22.19.19)(jiti@2.7.0)(lightningcss@1.32.0)
    devDependencies:
      '@tailwindcss/vite':
        specifier: ^4.0.0
        version: 4.3.0(vite@6.4.2(@types/node@22.19.19)(jiti@2.7.0)(lightningcss@1.32.0))
      '@types/node':
        specifier: ^22.10.0
        version: 22.19.19
      '@types/react':
        specifier: ^19.0.0
        version: 19.2.15
      '@types/react-dom':
        specifier: ^19.0.0
        version: 19.2.3(@types/react@19.2.15)
      '@vitejs/plugin-react':
        specifier: ^4.3.4
        version: 4.7.0(vite@6.4.2(@types/node@22.19.19)(jiti@2.7.0)(lightningcss@1.32.0))
      tailwindcss:
        specifier: ^4.0.0
        version: 4.3.0

packages:

  '@babel/code-frame@7.29.0':
    resolution: {integrity: sha1-fNelnxWzzA3NgDA493knEqfQsVw=}
    engines: {node: '>=6.9.0'}

  '@babel/compat-data@7.29.3':
    resolution: {integrity: sha1-4/U0fwWJWWyR0ifMtqVB03+xMHs=}
    engines: {node: '>=6.9.0'}

  '@babel/core@7.29.0':
    resolution: {integrity: sha1-UoateF33951lbojOhuZQ0Wyl8yI=}
    engines: {node: '>=6.9.0'}

  '@babel/generator@7.29.1':
    resolution: {integrity: sha1-0Jh2KQERq7sA75Yqe4OlMH+6DVA=}
    engines: {node: '>=6.9.0'}

  '@babel/helper-compilation-targets@7.28.6':
    resolution: {integrity: sha1-MsSj9B8S7RUyF5sQik10bhBcKyU=}
    engines: {node: '>=6.9.0'}

  '@babel/helper-globals@7.28.0':
    resolution: {integrity: sha1-uUMN8qpOF7woZl6t6uiqHZheZnQ=}
    engines: {node: '>=6.9.0'}

  '@babel/helper-module-imports@7.28.6':
    resolution: {integrity: sha1-YGMsvW/7cLIoIxhyARFnYqA+LVw=}
    engines: {node: '>=6.9.0'}

  '@babel/helper-module-transforms@7.28.6':
    resolution: {integrity: sha1-kxLZ2eVu3DWutulcJdQQa1C56x4=}
    engines: {node: '>=6.9.0'}
    peerDependencies:
      '@babel/core': ^7.0.0

  '@babel/helper-plugin-utils@7.28.6':
    resolution: {integrity: sha1-bxPqJRtoyFMumF/VMvKHQaivmsg=}
    engines: {node: '>=6.9.0'}

  '@babel/helper-string-parser@7.27.1':
    resolution: {integrity: sha1-VNp5YJerGc5n7Z+ItHuy7Ek2doc=}
    engines: {node: '>=6.9.0'}

  '@babel/helper-validator-identifier@7.28.5':
    resolution: {integrity: sha1-AQtpOPq3y333SqK7wGqlA7j+X7Q=}
    engines: {node: '>=6.9.0'}

  '@babel/helper-validator-option@7.27.1':
    resolution: {integrity: sha1-+lL1sefbGrBJRFtCHERxMDiXcC8=}
    engines: {node: '>=6.9.0'}

  '@babel/helpers@7.29.2':
    resolution: {integrity: sha1-nPvMsCuOIpiSwLBwOAUswahwnEk=}
    engines: {node: '>=6.9.0'}

  '@babel/parser@7.29.3':
    resolution: {integrity: sha1-EW9wp3lYMH/OrCd0dXMDL4pi+I4=}
    engines: {node: '>=6.0.0'}
    hasBin: true

  '@babel/plugin-transform-react-jsx-self@7.27.1':
    resolution: {integrity: sha1-r2eNhQas9SxXfKxz/3/mYVyF/JI=}
    engines: {node: '>=6.9.0'}
    peerDependencies:
      '@babel/core': ^7.0.0-0

  '@babel/plugin-transform-react-jsx-source@7.27.1':
    resolution: {integrity: sha1-3P4sJAlLt1e/c5YDdOfFXkNPGfA=}
    engines: {node: '>=6.9.0'}
    peerDependencies:
      '@babel/core': ^7.0.0-0

  '@babel/template@7.28.6':
    resolution: {integrity: sha1-Dn5W7O23iu72bOeXKwgvznaiPlc=}
    engines: {node: '>=6.9.0'}

  '@babel/traverse@7.29.0':
    resolution: {integrity: sha1-8yPQUAFEAlPurTychYrb4AuQMQo=}
    engines: {node: '>=6.9.0'}

  '@babel/types@7.29.0':
    resolution: {integrity: sha1-n1seg4xEbnLPPNS5GBUrjGBeN8c=}
    engines: {node: '>=6.9.0'}

  '@dnd-kit/accessibility@3.1.1':
    resolution: {integrity: sha1-O0ICvWuzcKBzD2c0hneFkZvqxq8=}
    peerDependencies:
      react: '>=16.8.0'

  '@dnd-kit/core@6.3.1':
    resolution: {integrity: sha1-TDZAamLHuqxJlyb4mZNfk/Dm0AM=}
    peerDependencies:
      react: '>=16.8.0'
      react-dom: '>=16.8.0'

  '@dnd-kit/sortable@10.0.0':
    resolution: {integrity: sha1-H5OCuQ2DXNXGXZKCT6na+3jEw+g=}
    peerDependencies:
      '@dnd-kit/core': ^6.3.0
      react: '>=16.8.0'

  '@dnd-kit/utilities@3.2.2':
    resolution: {integrity: sha1-WjK2rzVtxfdNYbN9b3EppAQM7Xs=}
    peerDependencies:
      react: '>=16.8.0'

  '@esbuild/aix-ppc64@0.25.12':
    resolution: {integrity: sha1-gPy+NhMOWLdnBRHoiLjoiiWe12w=}
    engines: {node: '>=18'}
    cpu: [ppc64]
    os: [aix]

  '@esbuild/android-arm64@0.25.12':
    resolution: {integrity: sha1-iqSWX40KeYLcIXNL9mATI6Ztp1I=}
    engines: {node: '>=18'}
    cpu: [arm64]
    os: [android]

  '@esbuild/android-arm@0.25.12':
    resolution: {integrity: sha1-MAcSEB9/UPHSYnoWLm4JsQm2dno=}
    engines: {node: '>=18'}
    cpu: [arm]
    os: [android]

  '@esbuild/android-x64@0.25.12':
    resolution: {integrity: sha1-h9+ycWEgK9yVjvSLthsJx1j67hY=}
    engines: {node: '>=18'}
    cpu: [x64]
    os: [android]

  '@esbuild/darwin-arm64@0.25.12':
    resolution: {integrity: sha1-eRl4mOwf90XSHAceHHzDyALwwf0=}
    engines: {node: '>=18'}
    cpu: [arm64]
    os: [darwin]

  '@esbuild/darwin-x64@0.25.12':
    resolution: {integrity: sha1-FGQAqFYhM/RcTS6tzzfd0JcYB54=}
    engines: {node: '>=18'}
    cpu: [x64]
    os: [darwin]

  '@esbuild/freebsd-arm64@0.25.12':
    resolution: {integrity: sha1-HF+bpyBuFY/SskxZ+i0si7R8oP4=}
    engines: {node: '>=18'}
    cpu: [arm64]
    os: [freebsd]

  '@esbuild/freebsd-x64@0.25.12':
    resolution: {integrity: sha1-6mMfSja+qsS5J5+g/MbKKerusrM=}
    engines: {node: '>=18'}
    cpu: [x64]
    os: [freebsd]

  '@esbuild/linux-arm64@0.25.12':
    resolution: {integrity: sha1-4QZrzlg5TxsRQd7shVel8KIvWXc=}
    engines: {node: '>=18'}
    cpu: [arm64]
    os: [linux]

  '@esbuild/linux-arm@0.25.12':
    resolution: {integrity: sha1-RSzWayCTLQi9xTqLYcDjC69DSLk=}
    engines: {node: '>=18'}
    cpu: [arm]
    os: [linux]

  '@esbuild/linux-ia32@0.25.12':
    resolution: {integrity: sha1-sk+KzEW89UGSx/LzvhtT5lUer+A=}
    engines: {node: '>=18'}
    cpu: [ia32]
    os: [linux]

  '@esbuild/linux-loong64@0.25.12':
    resolution: {integrity: sha1-+c//p/yDIlcfvEyLMmjK8VvYGtA=}
    engines: {node: '>=18'}
    cpu: [loong64]
    os: [linux]

  '@esbuild/linux-mips64el@0.25.12':
    resolution: {integrity: sha1-V1oUvXRkT/q4ka3H1+YNJ1KW8s0=}
    engines: {node: '>=18'}
    cpu: [mips64el]
    os: [linux]

  '@esbuild/linux-ppc64@0.25.12':
    resolution: {integrity: sha1-dbmccKlfvV93OddpK+/mBgFZGGk=}
    engines: {node: '>=18'}
    cpu: [ppc64]
    os: [linux]

  '@esbuild/linux-riscv64@0.25.12':
    resolution: {integrity: sha1-LjJZRAMhpE553fdTXDJQV9qHXNY=}
    engines: {node: '>=18'}
    cpu: [riscv64]
    os: [linux]

  '@esbuild/linux-s390x@0.25.12':
    resolution: {integrity: sha1-F2dsq7/lko2lsqDW311YzQjbJmM=}
    engines: {node: '>=18'}
    cpu: [s390x]
    os: [linux]

  '@esbuild/linux-x64@0.25.12':
    resolution: {integrity: sha1-BYN3VoXKggZtBMNQfwlSTTzXowY=}
    engines: {node: '>=18'}
    cpu: [x64]
    os: [linux]

  '@esbuild/netbsd-arm64@0.25.12':
    resolution: {integrity: sha1-8ExAScsuJS/paxb+2Q9wdGsT9KQ=}
    engines: {node: '>=18'}
    cpu: [arm64]
    os: [netbsd]

  '@esbuild/netbsd-x64@0.25.12':
    resolution: {integrity: sha1-d9oNCg2CbXySHuo9QCklSLJYoHY=}
    engines: {node: '>=18'}
    cpu: [x64]
    os: [netbsd]

  '@esbuild/openbsd-arm64@0.25.12':
    resolution: {integrity: sha1-Ypb1hnrt7yioGyKrIAnHhqlS3M0=}
    engines: {node: '>=18'}
    cpu: [arm64]
    os: [openbsd]

  '@esbuild/openbsd-x64@0.25.12':
    resolution: {integrity: sha1-+NIzAzYOJ7Fs8GWyO7/0PBQUJnk=}
    engines: {node: '>=18'}
    cpu: [x64]
    os: [openbsd]

  '@esbuild/openharmony-arm64@0.25.12':
    resolution: {integrity: sha1-SeC3aHRKOSS+DX/ZfdbOmykj2I0=}
    engines: {node: '>=18'}
    cpu: [arm64]
    os: [openharmony]

  '@esbuild/sunos-x64@0.25.12':
    resolution: {integrity: sha1-pu19Z3jWflKMgfsWWyP0kRubE9Y=}
    engines: {node: '>=18'}
    cpu: [x64]
    os: [sunos]

  '@esbuild/win32-arm64@0.25.12':
    resolution: {integrity: sha1-msFMN44bZTrxfQjn0840yu9YcyM=}
    engines: {node: '>=18'}
    cpu: [arm64]
    os: [win32]

  '@esbuild/win32-ia32@0.25.12':
    resolution: {integrity: sha1-kYlC3LuzXMFPyjmvuRteaj0Scmc=}
    engines: {node: '>=18'}
    cpu: [ia32]
    os: [win32]

  '@esbuild/win32-x64@0.25.12':
    resolution: {integrity: sha1-m9rYF2vngRrRSNH4dyNZBB9GxsU=}
    engines: {node: '>=18'}
    cpu: [x64]
    os: [win32]

  '@fontsource/inter@5.2.8':
    resolution: {integrity: sha1-EMldh32XLH3lvUWSMJ1C+2peGls=}

  '@fontsource/jetbrains-mono@5.2.8':
    resolution: {integrity: sha1-VqG7uKNqR/5IDT6QswtSDImFOqU=}

  '@jridgewell/gen-mapping@0.3.13':
    resolution: {integrity: sha1-Y0Khn0Q0dRjJPkOxrGnes8Rlah8=}

  '@jridgewell/remapping@2.3.5':
    resolution: {integrity: sha1-N1xHbRlylHhRuh4Vro8SMEdEWqE=}

  '@jridgewell/resolve-uri@3.1.2':
    resolution: {integrity: sha1-eg7mAfYPmaIMfHxf8MgDiMEYm9Y=}
    engines: {node: '>=6.0.0'}

  '@jridgewell/sourcemap-codec@1.5.5':
    resolution: {integrity: sha1-aRKwDSxjHA0Vzhp6tXzWV/Ko+Lo=}

  '@jridgewell/trace-mapping@0.3.31':
    resolution: {integrity: sha1-2xXWeByTHzolGj2sOVAcmKYIL9A=}

  '@radix-ui/react-compose-refs@1.1.2':
    resolution: {integrity: sha1-osTEevYzcEjueP9twNCQs5DSuzA=}
    peerDependencies:
      '@types/react': '*'
      react: ^16.8 || ^17.0 || ^18.0 || ^19.0 || ^19.0.0-rc
    peerDependenciesMeta:
      '@types/react':
        optional: true

  '@radix-ui/react-slot@1.2.4':
    resolution: {integrity: sha1-Y8C6Bf35DMSQdrlAKchS17rB+4M=}
    peerDependencies:
      '@types/react': '*'
      react: ^16.8 || ^17.0 || ^18.0 || ^19.0 || ^19.0.0-rc
    peerDependenciesMeta:
      '@types/react':
        optional: true

  '@rolldown/pluginutils@1.0.0-beta.27':
    resolution: {integrity: sha1-R9K/TO9tRwsi9YMbQg+JZOC/dV8=}

  '@rollup/rollup-android-arm-eabi@4.60.4':
    resolution: {integrity: sha1-OgTwHp8BOSu+9ZILlKo7iHlL56s=}
    cpu: [arm]
    os: [android]

  '@rollup/rollup-android-arm64@4.60.4':
    resolution: {integrity: sha1-43G2U86ryQB5Cuc/VUig/XzWOnA=}
    cpu: [arm64]
    os: [android]

  '@rollup/rollup-darwin-arm64@4.60.4':
    resolution: {integrity: sha1-KlqnBDLjmBbWZteSh6cyTPw7TnI=}
    cpu: [arm64]
    os: [darwin]

  '@rollup/rollup-darwin-x64@4.60.4':
    resolution: {integrity: sha1-w7W0lik3nNnNxdhBvwDtROvzk90=}
    cpu: [x64]
    os: [darwin]

  '@rollup/rollup-freebsd-arm64@4.60.4':
    resolution: {integrity: sha1-+SnY4EYvrmYC/JYL7qvXKH2FkoM=}
    cpu: [arm64]
    os: [freebsd]

  '@rollup/rollup-freebsd-x64@4.60.4':
    resolution: {integrity: sha1-wBy1gDEib5XQkAseyEf0+zLG6Ak=}
    cpu: [x64]
    os: [freebsd]

  '@rollup/rollup-linux-arm-gnueabihf@4.60.4':
    resolution: {integrity: sha1-8p2JDEhYyODTvgFnfu9PajWe7Z0=}
    cpu: [arm]
    os: [linux]
    libc: [glibc]

  '@rollup/rollup-linux-arm-musleabihf@4.60.4':
    resolution: {integrity: sha1-Hr/I659mE27S+q5fRJla3VyjyWQ=}
    cpu: [arm]
    os: [linux]
    libc: [musl]

  '@rollup/rollup-linux-arm64-gnu@4.60.4':
    resolution: {integrity: sha1-wfqCPCxM5Gun9h3hpMP9rdT7Tns=}
    cpu: [arm64]
    os: [linux]
    libc: [glibc]

  '@rollup/rollup-linux-arm64-musl@4.60.4':
    resolution: {integrity: sha1-p/GIVNBHG3i9qOo48IkaTgWbVx0=}
    cpu: [arm64]
    os: [linux]
    libc: [musl]

  '@rollup/rollup-linux-loong64-gnu@4.60.4':
    resolution: {integrity: sha1-g2WKmkV2vM6M74Wyx4ubZJ0iAMQ=}
    cpu: [loong64]
    os: [linux]
    libc: [glibc]

  '@rollup/rollup-linux-loong64-musl@4.60.4':
    resolution: {integrity: sha1-/Sr2d640F7tY1XrjfdDYRobkAkQ=}
    cpu: [loong64]
    os: [linux]
    libc: [musl]

  '@rollup/rollup-linux-ppc64-gnu@4.60.4':
    resolution: {integrity: sha1-ZIFkcYHEz48d29mfYshM/FbBqUo=}
    cpu: [ppc64]
    os: [linux]
    libc: [glibc]

  '@rollup/rollup-linux-ppc64-musl@4.60.4':
    resolution: {integrity: sha1-GGEKGhVQ4opQQsqRb4mEGVQPF/Q=}
    cpu: [ppc64]
    os: [linux]
    libc: [musl]

  '@rollup/rollup-linux-riscv64-gnu@4.60.4':
    resolution: {integrity: sha1-WXu4BGWiYh2+DeCkHGY5Sop+mm4=}
    cpu: [riscv64]
    os: [linux]
    libc: [glibc]

  '@rollup/rollup-linux-riscv64-musl@4.60.4':
    resolution: {integrity: sha1-oqkZqfkn738kpgr3fjy1XxrVnk0=}
    cpu: [riscv64]
    os: [linux]
    libc: [musl]

  '@rollup/rollup-linux-s390x-gnu@4.60.4':
    resolution: {integrity: sha1-MWb2zq59+bv93582vhk3Ix4T48Y=}
    cpu: [s390x]
    os: [linux]
    libc: [glibc]

  '@rollup/rollup-linux-x64-gnu@4.60.4':
    resolution: {integrity: sha1-I8m/eXcdgE+4dBXrB2dWnycyYeU=}
    cpu: [x64]
    os: [linux]
    libc: [glibc]

  '@rollup/rollup-linux-x64-musl@4.60.4':
    resolution: {integrity: sha1-l5Qca5TWf+Jc3g8CfBChny0f3Tk=}
    cpu: [x64]
    os: [linux]
    libc: [musl]

  '@rollup/rollup-openbsd-x64@4.60.4':
    resolution: {integrity: sha1-eut9kuLNHTmfVtr3XDkEC3d7bHc=}
    cpu: [x64]
    os: [openbsd]

  '@rollup/rollup-openharmony-arm64@4.60.4':
    resolution: {integrity: sha1-kl3mGug7+ZqmNuis6odDLowP+qs=}
    cpu: [arm64]
    os: [openharmony]

  '@rollup/rollup-win32-arm64-msvc@4.60.4':
    resolution: {integrity: sha1-iIq4OEJyFJEETEanQH4fOPMjW7Q=}
    cpu: [arm64]
    os: [win32]

  '@rollup/rollup-win32-ia32-msvc@4.60.4':
    resolution: {integrity: sha1-+jCsJOPwIyE50qR1AFYKKGlXZNQ=}
    cpu: [ia32]
    os: [win32]

  '@rollup/rollup-win32-x64-gnu@4.60.4':
    resolution: {integrity: sha1-Ij4ryT+G4HB1aOH621tTflDJdsc=}
    cpu: [x64]
    os: [win32]

  '@rollup/rollup-win32-x64-msvc@4.60.4':
    resolution: {integrity: sha1-2k8Wdth+K990QpG1BLCreVUMPmE=}
    cpu: [x64]
    os: [win32]

  '@tailwindcss/node@4.3.0':
    resolution: {integrity: sha1-ncUxK/QcSGWFKfNgIeC0ZsTreGA=}

  '@tailwindcss/oxide-android-arm64@4.3.0':
    resolution: {integrity: sha1-5FM7YSUjb+gaiZz1qCAoyFJE3vg=}
    engines: {node: '>= 20'}
    cpu: [arm64]
    os: [android]

  '@tailwindcss/oxide-darwin-arm64@4.3.0':
    resolution: {integrity: sha1-lrB072TsbEHVgAY3QMjTbPXEWc4=}
    engines: {node: '>= 20'}
    cpu: [arm64]
    os: [darwin]

  '@tailwindcss/oxide-darwin-x64@4.3.0':
    resolution: {integrity: sha1-DZY40G04aEM5stwGYxlmpylrtk4=}
    engines: {node: '>= 20'}
    cpu: [x64]
    os: [darwin]

  '@tailwindcss/oxide-freebsd-x64@4.3.0':
    resolution: {integrity: sha1-78es0XzTjXWFwHy5OKTxtwP3nXo=}
    engines: {node: '>= 20'}
    cpu: [x64]
    os: [freebsd]

  '@tailwindcss/oxide-linux-arm-gnueabihf@4.3.0':
    resolution: {integrity: sha1-5ByUXlKWcM2T/W7QxqKIDeXEAzM=}
    engines: {node: '>= 20'}
    cpu: [arm]
    os: [linux]

  '@tailwindcss/oxide-linux-arm64-gnu@4.3.0':
    resolution: {integrity: sha1-a7YIsWunFG1hCXwvTH7pJ9HzWAo=}
    engines: {node: '>= 20'}
    cpu: [arm64]
    os: [linux]
    libc: [glibc]

  '@tailwindcss/oxide-linux-arm64-musl@4.3.0':
    resolution: {integrity: sha1-G7RDqjcbuZtQyznU1ogVH63NimM=}
    engines: {node: '>= 20'}
    cpu: [arm64]
    os: [linux]
    libc: [musl]

  '@tailwindcss/oxide-linux-x64-gnu@4.3.0':
    resolution: {integrity: sha1-UmfAuyWXQmwNLnWay1OJzeKqcf0=}
    engines: {node: '>= 20'}
    cpu: [x64]
    os: [linux]
    libc: [glibc]

  '@tailwindcss/oxide-linux-x64-musl@4.3.0':
    resolution: {integrity: sha1-+y2pfGeyGOXHxyPLMngtVdfkpdU=}
    engines: {node: '>= 20'}
    cpu: [x64]
    os: [linux]
    libc: [musl]

  '@tailwindcss/oxide-wasm32-wasi@4.3.0':
    resolution: {integrity: sha1-P2U45REGbWfYaDhj3K7rFsIt6Ek=}
    engines: {node: '>=14.0.0'}
    cpu: [wasm32]
    bundledDependencies:
      - '@napi-rs/wasm-runtime'
      - '@emnapi/core'
      - '@emnapi/runtime'
      - '@tybys/wasm-util'
      - '@emnapi/wasi-threads'
      - tslib

  '@tailwindcss/oxide-win32-arm64-msvc@4.3.0':
    resolution: {integrity: sha1-7EX7p3PHZ1kzjAXU/lz0LE7qLk4=}
    engines: {node: '>= 20'}
    cpu: [arm64]
    os: [win32]

  '@tailwindcss/oxide-win32-x64-msvc@4.3.0':
    resolution: {integrity: sha1-WM3W4Grb4uMWAnTt/NCwtD4X/uQ=}
    engines: {node: '>= 20'}
    cpu: [x64]
    os: [win32]

  '@tailwindcss/oxide@4.3.0':
    resolution: {integrity: sha1-zBxh6I9iwOn1YGLePnhzrKohWdQ=}
    engines: {node: '>= 20'}

  '@tailwindcss/vite@4.3.0':
    resolution: {integrity: sha1-srvAaaTHAOp6717jBBbYS3ZS4TY=}
    peerDependencies:
      vite: ^5.2.0 || ^6 || ^7 || ^8

  '@tauri-apps/api@2.11.0':
    resolution: {integrity: sha1-APtpmWAQF4pRU3mNSoT2/joeEYI=}

  '@tauri-apps/cli-darwin-arm64@2.11.2':
    resolution: {integrity: sha1-YGaATQZVan99oG/FmRrYdnITQ48=}
    engines: {node: '>= 10'}
    cpu: [arm64]
    os: [darwin]

  '@tauri-apps/cli-darwin-x64@2.11.2':
    resolution: {integrity: sha1-1ctcLz/VaSCn/mMsOBTRuSE90kE=}
    engines: {node: '>= 10'}
    cpu: [x64]
    os: [darwin]

  '@tauri-apps/cli-linux-arm-gnueabihf@2.11.2':
    resolution: {integrity: sha1-7Acf0NM9yLXWokadTqbCLMbfRzQ=}
    engines: {node: '>= 10'}
    cpu: [arm]
    os: [linux]

  '@tauri-apps/cli-linux-arm64-gnu@2.11.2':
    resolution: {integrity: sha1-JAr692bYaQTLJlK4iOQa18bI5m0=}
    engines: {node: '>= 10'}
    cpu: [arm64]
    os: [linux]
    libc: [glibc]

  '@tauri-apps/cli-linux-arm64-musl@2.11.2':
    resolution: {integrity: sha1-23/wxOS0xcuJHTPkM3FK4ptH/kU=}
    engines: {node: '>= 10'}
    cpu: [arm64]
    os: [linux]
    libc: [musl]

  '@tauri-apps/cli-linux-riscv64-gnu@2.11.2':
    resolution: {integrity: sha1-l1PfKm5SW5nFE1kIAivJfNcP5o8=}
    engines: {node: '>= 10'}
    cpu: [riscv64]
    os: [linux]
    libc: [glibc]

  '@tauri-apps/cli-linux-x64-gnu@2.11.2':
    resolution: {integrity: sha1-azPOkZoS9MZNyYRR5oj8I6PzUoA=}
    engines: {node: '>= 10'}
    cpu: [x64]
    os: [linux]
    libc: [glibc]

  '@tauri-apps/cli-linux-x64-musl@2.11.2':
    resolution: {integrity: sha1-eeWuGWkvbmA/EcvWSzA8PxllFqY=}
    engines: {node: '>= 10'}
    cpu: [x64]
    os: [linux]
    libc: [musl]

  '@tauri-apps/cli-win32-arm64-msvc@2.11.2':
    resolution: {integrity: sha1-DgJ/2rLNIMwAoRbSUs9iVWNLenM=}
    engines: {node: '>= 10'}
    cpu: [arm64]
    os: [win32]

  '@tauri-apps/cli-win32-ia32-msvc@2.11.2':
    resolution: {integrity: sha1-Bpkvmx1T4sPAh89NutcwEE+Ujdo=}
    engines: {node: '>= 10'}
    cpu: [ia32]
    os: [win32]

  '@tauri-apps/cli-win32-x64-msvc@2.11.2':
    resolution: {integrity: sha1-MtBPZRmBsNopjJwTeDTLB4YVypw=}
    engines: {node: '>= 10'}
    cpu: [x64]
    os: [win32]

  '@tauri-apps/cli@2.11.2':
    resolution: {integrity: sha1-HhoRImPIoASirsukh09CF1c+dO8=}
    engines: {node: '>= 10'}
    hasBin: true

  '@tauri-apps/plugin-dialog@2.7.1':
    resolution: {integrity: sha1-/IM4fegHyNBk0rZLG4E7hOgoahI=}

  '@types/babel__core@7.20.5':
    resolution: {integrity: sha1-PfFfJ7qFMZyqB7oI0HIYibs5wBc=}

  '@types/babel__generator@7.27.0':
    resolution: {integrity: sha1-tYGSlMUReZV6+uw0FEL5NB5BCKk=}

  '@types/babel__template@7.4.4':
    resolution: {integrity: sha1-VnJRNwHBshmbxtrWNqnXSRWGdm8=}

  '@types/babel__traverse@7.28.0':
    resolution: {integrity: sha1-B9cT1szg0mXJhJ2wy+YtP2Hzb3Q=}

  '@types/estree@1.0.8':
    resolution: {integrity: sha1-lYuRyZGxhnztMYvt6g4hXuBQcm4=}

  '@types/node@22.19.19':
    resolution: {integrity: sha1-MSS/Jt7VQWi3aBODIf75m0IMYRI=}

  '@types/react-dom@19.2.3':
    resolution: {integrity: sha1-weMF0VpSo+UI1U3Kdw0gLLY6vyw=}
    peerDependencies:
      '@types/react': ^19.2.0

  '@types/react@19.2.15':
    resolution: {integrity: sha1-nixqQlGikPXFJcMUPKqHL6bgHg0=}

  '@vitejs/plugin-react@4.7.0':
    resolution: {integrity: sha1-ZHr057t1rTrdV452KtmEuQ9KJLk=}
    engines: {node: ^14.18.0 || >=16.0.0}
    peerDependencies:
      vite: ^4.2.0 || ^5.0.0 || ^6.0.0 || ^7.0.0

  baseline-browser-mapping@2.10.31:
    resolution: {integrity: sha1-nGgl8FJgHOaXSpDdSWg7FyaIews=}
    engines: {node: '>=6.0.0'}
    hasBin: true

  browserslist@4.28.2:
    resolution: {integrity: sha1-9QtlNi70iXTKn1CzaAVm14a4EdI=}
    engines: {node: ^6 || ^7 || ^8 || ^9 || ^10 || ^11 || ^12 || >=13.7}
    hasBin: true

  caniuse-lite@1.0.30001793:
    resolution: {integrity: sha1-I4iH3fX8/Iw22HI5TQp4pRcxKnI=}

  class-variance-authority@0.7.1:
    resolution: {integrity: sha1-QAinmKDkVTp4GlesUXfJ+10EN4c=}

  clsx@2.1.1:
    resolution: {integrity: sha1-7tOXyf2L2IK/sY3qtxAgSaLzKZk=}
    engines: {node: '>=6'}

  convert-source-map@2.0.0:
    resolution: {integrity: sha1-S1YPZJ/E6RjdCrdc9JYei8iC2Co=}

  csstype@3.2.3:
    resolution: {integrity: sha1-7EjA8+mT5QZIyG2lWeJhCZXPmJo=}

  debug@4.4.3:
    resolution: {integrity: sha1-xq5DLZvZZiWC/OCHCbA4xY6ePWo=}
    engines: {node: '>=6.0'}
    peerDependencies:
      supports-color: '*'
    peerDependenciesMeta:
      supports-color:
        optional: true

  detect-libc@2.1.2:
    resolution: {integrity: sha1-aJxdzcGQDvVYOky59te0c3QgdK0=}
    engines: {node: '>=8'}

  electron-to-chromium@1.5.360:
    resolution: {integrity: sha1-f69CMTJMf41JxcCTjocS9iPYuNc=}

  enhanced-resolve@5.21.6:
    resolution: {integrity: sha1-qiB7Q89ljmqzugaJbtwAwTwxJ8Y=}
    engines: {node: '>=10.13.0'}

  esbuild@0.25.12:
    resolution: {integrity: sha1-l6HQQfSrAML84vg40rmWmi0ql6U=}
    engines: {node: '>=18'}
    hasBin: true

  escalade@3.2.0:
    resolution: {integrity: sha1-ARo/aYVroYnf+n3I/M6Z0qh5A+U=}
    engines: {node: '>=6'}

  fdir@6.5.0:
    resolution: {integrity: sha1-7Sq5Z6MxreYvGNB32uGSaE1Q01A=}
    engines: {node: '>=12.0.0'}
    peerDependencies:
      picomatch: ^3 || ^4
    peerDependenciesMeta:
      picomatch:
        optional: true

  fsevents@2.3.3:
    resolution: {integrity: sha1-ysZAd4XQNnWipeGlMFxpezR9kNY=}
    engines: {node: ^8.16.0 || ^10.6.0 || >=11.0.0}
    os: [darwin]

  gensync@1.0.0-beta.2:
    resolution: {integrity: sha1-MqbudsPX9S1GsrGuXZP+qFgKJeA=}
    engines: {node: '>=6.9.0'}

  graceful-fs@4.2.11:
    resolution: {integrity: sha1-QYPk6L8Iu24Fu7L30uDI9xLKQOM=}

  jiti@2.7.0:
    resolution: {integrity: sha1-l0Io8vTKK8IYhaF5e0X+po6VDGQ=}
    hasBin: true

  js-tokens@4.0.0:
    resolution: {integrity: sha1-GSA/tZmR35jjoocFDUZHzerzJJk=}

  jsesc@3.1.0:
    resolution: {integrity: sha1-dNM1ojT2ftGZB/2t+sfM+dQJgl0=}
    engines: {node: '>=6'}
    hasBin: true

  json5@2.2.3:
    resolution: {integrity: sha1-eM1vGhm9wStz21rQxh79ZsHikoM=}
    engines: {node: '>=6'}
    hasBin: true

  lightningcss-android-arm64@1.32.0:
    resolution: {integrity: sha1-8DOIURbf79nG9UeHUj41FLYeGWg=}
    engines: {node: '>= 12.0.0'}
    cpu: [arm64]
    os: [android]

  lightningcss-darwin-arm64@1.32.0:
    resolution: {integrity: sha1-ULcYcbAcgZlYS2SeKSVH+up6+bU=}
    engines: {node: '>= 12.0.0'}
    cpu: [arm64]
    os: [darwin]

  lightningcss-darwin-x64@1.32.0:
    resolution: {integrity: sha1-NfPpczLRMLnKGB4RtWje1q68bV4=}
    engines: {node: '>= 12.0.0'}
    cpu: [x64]
    os: [darwin]

  lightningcss-freebsd-x64@1.32.0:
    resolution: {integrity: sha1-l3enZHK2Ttb/lDQq1kx7r9eUpXU=}
    engines: {node: '>= 12.0.0'}
    cpu: [x64]
    os: [freebsd]

  lightningcss-linux-arm-gnueabihf@1.32.0:
    resolution: {integrity: sha1-E65lLhq3O5E117faFy9mbEEK1T0=}
    engines: {node: '>= 12.0.0'}
    cpu: [arm]
    os: [linux]

  lightningcss-linux-arm64-gnu@1.32.0:
    resolution: {integrity: sha1-QXhYeVqUWS9oASOhsfnaig4e8zU=}
    engines: {node: '>= 12.0.0'}
    cpu: [arm64]
    os: [linux]
    libc: [glibc]

  lightningcss-linux-arm64-musl@1.32.0:
    resolution: {integrity: sha1-a+NmkugQtxgECAL9gJYjz/5zITM=}
    engines: {node: '>= 12.0.0'}
    cpu: [arm64]
    os: [linux]
    libc: [musl]

  lightningcss-linux-x64-gnu@1.32.0:
    resolution: {integrity: sha1-C3gDr06yHP043Tn+Kru1PH3QkfY=}
    engines: {node: '>= 12.0.0'}
    cpu: [x64]
    os: [linux]
    libc: [glibc]

  lightningcss-linux-x64-musl@1.32.0:
    resolution: {integrity: sha1-iNyLqGXd3bGsXvBLDxYYBEGMFjs=}
    engines: {node: '>= 12.0.0'}
    cpu: [x64]
    os: [linux]
    libc: [musl]

  lightningcss-win32-arm64-msvc@1.32.0:
    resolution: {integrity: sha1-TzC6P6XpJfW3n5RejMDRdsOxqzg=}
    engines: {node: '>= 12.0.0'}
    cpu: [arm64]
    os: [win32]

  lightningcss-win32-x64-msvc@1.32.0:
    resolution: {integrity: sha1-FBqlYFZFBkkokCu0rwRfp9n0Igo=}
    engines: {node: '>= 12.0.0'}
    cpu: [x64]
    os: [win32]

  lightningcss@1.32.0:
    resolution: {integrity: sha1-uFqulkhtyxv0mnyFcSISc/Tx5Kk=}
    engines: {node: '>= 12.0.0'}

  lru-cache@5.1.1:
    resolution: {integrity: sha1-HaJ+ZxAnGUdpXa9oSOhH8B2EuSA=}

  lucide-react@0.468.0:
    resolution: {integrity: sha1-gwwb/ZBVdd3SO4MrqkIMh9sWaRA=}
    peerDependencies:
      react: ^16.5.1 || ^17.0.0 || ^18.0.0 || ^19.0.0-rc

  magic-string@0.30.21:
    resolution: {integrity: sha1-VnY+wJoPqAkd8nh5/ZTRkHjADZE=}

  ms@2.1.3:
    resolution: {integrity: sha1-V0yBOM4dK1hh8LRFedut1gxmFbI=}

  nanoid@3.3.12:
    resolution: {integrity: sha1-qz2RLiF6bQpRTwCnKhZUOiiYLAU=}
    engines: {node: ^10 || ^12 || ^13.7 || ^14 || >=15.0.1}
    hasBin: true

  node-releases@2.0.45:
    resolution: {integrity: sha1-2E4e//PtTtD97oaoQMCoWJ8OxSc=}
    engines: {node: '>=18'}

  picocolors@1.1.1:
    resolution: {integrity: sha1-PTIa8+q5ObCDyPkpodEs2oHCa2s=}

  picomatch@4.0.4:
    resolution: {integrity: sha1-/W9eAKFDCG4HTf/kySS4+yk7BYk=}
    engines: {node: '>=12'}

  postcss@8.5.15:
    resolution: {integrity: sha1-0er2d6Mk6ewCGW2i0/7PSguac1w=}
    engines: {node: ^10 || ^12 || >=14}

  react-dom@19.2.6:
    resolution: {integrity: sha1-RKgbC8yiLagUwAhH0J0ByGFVKbc=}
    peerDependencies:
      react: ^19.2.6

  react-refresh@0.17.0:
    resolution: {integrity: sha1-t+V5w2V/I9BOzL5K0uWKjtUeflM=}
    engines: {node: '>=0.10.0'}

  react@19.2.6:
    resolution: {integrity: sha1-Pa244SsqeTTB1TF5c+Xc4TAfmk0=}
    engines: {node: '>=0.10.0'}

  rollup@4.60.4:
    resolution: {integrity: sha1-yjgU9ZANo6w5gdLgxhlEt+bgywk=}
    engines: {node: '>=18.0.0', npm: '>=8.0.0'}
    hasBin: true

  scheduler@0.27.0:
    resolution: {integrity: sha1-DE74LWfR5cHjWej8dtOofwRf5b0=}

  semver@6.3.1:
    resolution: {integrity: sha1-VW0u+GiRRuRtzqS/3QlfNDTf/LQ=}
    hasBin: true

  source-map-js@1.2.1:
    resolution: {integrity: sha1-HOVlD93YerwJnto33P8CTCZnrkY=}
    engines: {node: '>=0.10.0'}

  tailwind-merge@2.6.1:
    resolution: {integrity: sha1-qdWCQPZk0hwzw3mgktmic/gzRDs=}

  tailwindcss@4.3.0:
    resolution: {integrity: sha1-CodOBEqFnPbeQT86Wedqm+3wUmQ=}

  tapable@2.3.3:
    resolution: {integrity: sha1-XafJmSxGA4IhJnmFqyhCGoh58WA=}
    engines: {node: '>=6'}

  tinyglobby@0.2.16:
    resolution: {integrity: sha1-HDt+uVP85Csia8Wh7gZCgoGv89Y=}
    engines: {node: '>=12.0.0'}

  tslib@2.8.1:
    resolution: {integrity: sha1-YS7+TtI11Wfoq6Xypfq3AoCt6D8=}

  typescript@5.9.3:
    resolution: {integrity: sha1-W09Z4VMQqxeiFvXWz1PuR27eZw8=}
    engines: {node: '>=14.17'}
    hasBin: true

  undici-types@6.21.0:
    resolution: {integrity: sha1-aR0ArzkJvpOn+qE75hs6W1DvEss=}

  update-browserslist-db@1.2.3:
    resolution: {integrity: sha1-ZNdttYcTE2rL60xJEUNmzGzC6A0=}
    hasBin: true
    peerDependencies:
      browserslist: '>= 4.21.0'

  vite@6.4.2:
    resolution: {integrity: sha1-pOVIyjqQyp83JFgsqzXhuhXvxvI=}
    engines: {node: ^18.0.0 || ^20.0.0 || >=22.0.0}
    hasBin: true
    peerDependencies:
      '@types/node': ^18.0.0 || ^20.0.0 || >=22.0.0
      jiti: '>=1.21.0'
      less: '*'
      lightningcss: ^1.21.0
      sass: '*'
      sass-embedded: '*'
      stylus: '*'
      sugarss: '*'
      terser: ^5.16.0
      tsx: ^4.8.1
      yaml: ^2.4.2
    peerDependenciesMeta:
      '@types/node':
        optional: true
      jiti:
        optional: true
      less:
        optional: true
      lightningcss:
        optional: true
      sass:
        optional: true
      sass-embedded:
        optional: true
      stylus:
        optional: true
      sugarss:
        optional: true
      terser:
        optional: true
      tsx:
        optional: true
      yaml:
        optional: true

  yallist@3.1.1:
    resolution: {integrity: sha1-27fa+b/YusmrRev2ArjLrQ1dCP0=}

snapshots:

  '@babel/code-frame@7.29.0':
    dependencies:
      '@babel/helper-validator-identifier': 7.28.5
      js-tokens: 4.0.0
      picocolors: 1.1.1

  '@babel/compat-data@7.29.3': {}

  '@babel/core@7.29.0':
    dependencies:
      '@babel/code-frame': 7.29.0
      '@babel/generator': 7.29.1
      '@babel/helper-compilation-targets': 7.28.6
      '@babel/helper-module-transforms': 7.28.6(@babel/core@7.29.0)
      '@babel/helpers': 7.29.2
      '@babel/parser': 7.29.3
      '@babel/template': 7.28.6
      '@babel/traverse': 7.29.0
      '@babel/types': 7.29.0
      '@jridgewell/remapping': 2.3.5
      convert-source-map: 2.0.0
      debug: 4.4.3
      gensync: 1.0.0-beta.2
      json5: 2.2.3
      semver: 6.3.1
    transitivePeerDependencies:
      - supports-color

  '@babel/generator@7.29.1':
    dependencies:
      '@babel/parser': 7.29.3
      '@babel/types': 7.29.0
      '@jridgewell/gen-mapping': 0.3.13
      '@jridgewell/trace-mapping': 0.3.31
      jsesc: 3.1.0

  '@babel/helper-compilation-targets@7.28.6':
    dependencies:
      '@babel/compat-data': 7.29.3
      '@babel/helper-validator-option': 7.27.1
      browserslist: 4.28.2
      lru-cache: 5.1.1
      semver: 6.3.1

  '@babel/helper-globals@7.28.0': {}

  '@babel/helper-module-imports@7.28.6':
    dependencies:
      '@babel/traverse': 7.29.0
      '@babel/types': 7.29.0
    transitivePeerDependencies:
      - supports-color

  '@babel/helper-module-transforms@7.28.6(@babel/core@7.29.0)':
    dependencies:
      '@babel/core': 7.29.0
      '@babel/helper-module-imports': 7.28.6
      '@babel/helper-validator-identifier': 7.28.5
      '@babel/traverse': 7.29.0
    transitivePeerDependencies:
      - supports-color

  '@babel/helper-plugin-utils@7.28.6': {}

  '@babel/helper-string-parser@7.27.1': {}

  '@babel/helper-validator-identifier@7.28.5': {}

  '@babel/helper-validator-option@7.27.1': {}

  '@babel/helpers@7.29.2':
    dependencies:
      '@babel/template': 7.28.6
      '@babel/types': 7.29.0

  '@babel/parser@7.29.3':
    dependencies:
      '@babel/types': 7.29.0

  '@babel/plugin-transform-react-jsx-self@7.27.1(@babel/core@7.29.0)':
    dependencies:
      '@babel/core': 7.29.0
      '@babel/helper-plugin-utils': 7.28.6

  '@babel/plugin-transform-react-jsx-source@7.27.1(@babel/core@7.29.0)':
    dependencies:
      '@babel/core': 7.29.0
      '@babel/helper-plugin-utils': 7.28.6

  '@babel/template@7.28.6':
    dependencies:
      '@babel/code-frame': 7.29.0
      '@babel/parser': 7.29.3
      '@babel/types': 7.29.0

  '@babel/traverse@7.29.0':
    dependencies:
      '@babel/code-frame': 7.29.0
      '@babel/generator': 7.29.1
      '@babel/helper-globals': 7.28.0
      '@babel/parser': 7.29.3
      '@babel/template': 7.28.6
      '@babel/types': 7.29.0
      debug: 4.4.3
    transitivePeerDependencies:
      - supports-color

  '@babel/types@7.29.0':
    dependencies:
      '@babel/helper-string-parser': 7.27.1
      '@babel/helper-validator-identifier': 7.28.5

  '@dnd-kit/accessibility@3.1.1(react@19.2.6)':
    dependencies:
      react: 19.2.6
      tslib: 2.8.1

  '@dnd-kit/core@6.3.1(react-dom@19.2.6(react@19.2.6))(react@19.2.6)':
    dependencies:
      '@dnd-kit/accessibility': 3.1.1(react@19.2.6)
      '@dnd-kit/utilities': 3.2.2(react@19.2.6)
      react: 19.2.6
      react-dom: 19.2.6(react@19.2.6)
      tslib: 2.8.1

  '@dnd-kit/sortable@10.0.0(@dnd-kit/core@6.3.1(react-dom@19.2.6(react@19.2.6))(react@19.2.6))(react@19.2.6)':
    dependencies:
      '@dnd-kit/core': 6.3.1(react-dom@19.2.6(react@19.2.6))(react@19.2.6)
      '@dnd-kit/utilities': 3.2.2(react@19.2.6)
      react: 19.2.6
      tslib: 2.8.1

  '@dnd-kit/utilities@3.2.2(react@19.2.6)':
    dependencies:
      react: 19.2.6
      tslib: 2.8.1

  '@esbuild/aix-ppc64@0.25.12':
    optional: true

  '@esbuild/android-arm64@0.25.12':
    optional: true

  '@esbuild/android-arm@0.25.12':
    optional: true

  '@esbuild/android-x64@0.25.12':
    optional: true

  '@esbuild/darwin-arm64@0.25.12':
    optional: true

  '@esbuild/darwin-x64@0.25.12':
    optional: true

  '@esbuild/freebsd-arm64@0.25.12':
    optional: true

  '@esbuild/freebsd-x64@0.25.12':
    optional: true

  '@esbuild/linux-arm64@0.25.12':
    optional: true

  '@esbuild/linux-arm@0.25.12':
    optional: true

  '@esbuild/linux-ia32@0.25.12':
    optional: true

  '@esbuild/linux-loong64@0.25.12':
    optional: true

  '@esbuild/linux-mips64el@0.25.12':
    optional: true

  '@esbuild/linux-ppc64@0.25.12':
    optional: true

  '@esbuild/linux-riscv64@0.25.12':
    optional: true

  '@esbuild/linux-s390x@0.25.12':
    optional: true

  '@esbuild/linux-x64@0.25.12':
    optional: true

  '@esbuild/netbsd-arm64@0.25.12':
    optional: true

  '@esbuild/netbsd-x64@0.25.12':
    optional: true

  '@esbuild/openbsd-arm64@0.25.12':
    optional: true

  '@esbuild/openbsd-x64@0.25.12':
    optional: true

  '@esbuild/openharmony-arm64@0.25.12':
    optional: true

  '@esbuild/sunos-x64@0.25.12':
    optional: true

  '@esbuild/win32-arm64@0.25.12':
    optional: true

  '@esbuild/win32-ia32@0.25.12':
    optional: true

  '@esbuild/win32-x64@0.25.12':
    optional: true

  '@fontsource/inter@5.2.8': {}

  '@fontsource/jetbrains-mono@5.2.8': {}

  '@jridgewell/gen-mapping@0.3.13':
    dependencies:
      '@jridgewell/sourcemap-codec': 1.5.5
      '@jridgewell/trace-mapping': 0.3.31

  '@jridgewell/remapping@2.3.5':
    dependencies:
      '@jridgewell/gen-mapping': 0.3.13
      '@jridgewell/trace-mapping': 0.3.31

  '@jridgewell/resolve-uri@3.1.2': {}

  '@jridgewell/sourcemap-codec@1.5.5': {}

  '@jridgewell/trace-mapping@0.3.31':
    dependencies:
      '@jridgewell/resolve-uri': 3.1.2
      '@jridgewell/sourcemap-codec': 1.5.5

  '@radix-ui/react-compose-refs@1.1.2(@types/react@19.2.15)(react@19.2.6)':
    dependencies:
      react: 19.2.6
    optionalDependencies:
      '@types/react': 19.2.15

  '@radix-ui/react-slot@1.2.4(@types/react@19.2.15)(react@19.2.6)':
    dependencies:
      '@radix-ui/react-compose-refs': 1.1.2(@types/react@19.2.15)(react@19.2.6)
      react: 19.2.6
    optionalDependencies:
      '@types/react': 19.2.15

  '@rolldown/pluginutils@1.0.0-beta.27': {}

  '@rollup/rollup-android-arm-eabi@4.60.4':
    optional: true

  '@rollup/rollup-android-arm64@4.60.4':
    optional: true

  '@rollup/rollup-darwin-arm64@4.60.4':
    optional: true

  '@rollup/rollup-darwin-x64@4.60.4':
    optional: true

  '@rollup/rollup-freebsd-arm64@4.60.4':
    optional: true

  '@rollup/rollup-freebsd-x64@4.60.4':
    optional: true

  '@rollup/rollup-linux-arm-gnueabihf@4.60.4':
    optional: true

  '@rollup/rollup-linux-arm-musleabihf@4.60.4':
    optional: true

  '@rollup/rollup-linux-arm64-gnu@4.60.4':
    optional: true

  '@rollup/rollup-linux-arm64-musl@4.60.4':
    optional: true

  '@rollup/rollup-linux-loong64-gnu@4.60.4':
    optional: true

  '@rollup/rollup-linux-loong64-musl@4.60.4':
    optional: true

  '@rollup/rollup-linux-ppc64-gnu@4.60.4':
    optional: true

  '@rollup/rollup-linux-ppc64-musl@4.60.4':
    optional: true

  '@rollup/rollup-linux-riscv64-gnu@4.60.4':
    optional: true

  '@rollup/rollup-linux-riscv64-musl@4.60.4':
    optional: true

  '@rollup/rollup-linux-s390x-gnu@4.60.4':
    optional: true

  '@rollup/rollup-linux-x64-gnu@4.60.4':
    optional: true

  '@rollup/rollup-linux-x64-musl@4.60.4':
    optional: true

  '@rollup/rollup-openbsd-x64@4.60.4':
    optional: true

  '@rollup/rollup-openharmony-arm64@4.60.4':
    optional: true

  '@rollup/rollup-win32-arm64-msvc@4.60.4':
    optional: true

  '@rollup/rollup-win32-ia32-msvc@4.60.4':
    optional: true

  '@rollup/rollup-win32-x64-gnu@4.60.4':
    optional: true

  '@rollup/rollup-win32-x64-msvc@4.60.4':
    optional: true

  '@tailwindcss/node@4.3.0':
    dependencies:
      '@jridgewell/remapping': 2.3.5
      enhanced-resolve: 5.21.6
      jiti: 2.7.0
      lightningcss: 1.32.0
      magic-string: 0.30.21
      source-map-js: 1.2.1
      tailwindcss: 4.3.0

  '@tailwindcss/oxide-android-arm64@4.3.0':
    optional: true

  '@tailwindcss/oxide-darwin-arm64@4.3.0':
    optional: true

  '@tailwindcss/oxide-darwin-x64@4.3.0':
    optional: true

  '@tailwindcss/oxide-freebsd-x64@4.3.0':
    optional: true

  '@tailwindcss/oxide-linux-arm-gnueabihf@4.3.0':
    optional: true

  '@tailwindcss/oxide-linux-arm64-gnu@4.3.0':
    optional: true

  '@tailwindcss/oxide-linux-arm64-musl@4.3.0':
    optional: true

  '@tailwindcss/oxide-linux-x64-gnu@4.3.0':
    optional: true

  '@tailwindcss/oxide-linux-x64-musl@4.3.0':
    optional: true

  '@tailwindcss/oxide-wasm32-wasi@4.3.0':
    optional: true

  '@tailwindcss/oxide-win32-arm64-msvc@4.3.0':
    optional: true

  '@tailwindcss/oxide-win32-x64-msvc@4.3.0':
    optional: true

  '@tailwindcss/oxide@4.3.0':
    optionalDependencies:
      '@tailwindcss/oxide-android-arm64': 4.3.0
      '@tailwindcss/oxide-darwin-arm64': 4.3.0
      '@tailwindcss/oxide-darwin-x64': 4.3.0
      '@tailwindcss/oxide-freebsd-x64': 4.3.0
      '@tailwindcss/oxide-linux-arm-gnueabihf': 4.3.0
      '@tailwindcss/oxide-linux-arm64-gnu': 4.3.0
      '@tailwindcss/oxide-linux-arm64-musl': 4.3.0
      '@tailwindcss/oxide-linux-x64-gnu': 4.3.0
      '@tailwindcss/oxide-linux-x64-musl': 4.3.0
      '@tailwindcss/oxide-wasm32-wasi': 4.3.0
      '@tailwindcss/oxide-win32-arm64-msvc': 4.3.0
      '@tailwindcss/oxide-win32-x64-msvc': 4.3.0

  '@tailwindcss/vite@4.3.0(vite@6.4.2(@types/node@22.19.19)(jiti@2.7.0)(lightningcss@1.32.0))':
    dependencies:
      '@tailwindcss/node': 4.3.0
      '@tailwindcss/oxide': 4.3.0
      tailwindcss: 4.3.0
      vite: 6.4.2(@types/node@22.19.19)(jiti@2.7.0)(lightningcss@1.32.0)

  '@tauri-apps/api@2.11.0': {}

  '@tauri-apps/cli-darwin-arm64@2.11.2':
    optional: true

  '@tauri-apps/cli-darwin-x64@2.11.2':
    optional: true

  '@tauri-apps/cli-linux-arm-gnueabihf@2.11.2':
    optional: true

  '@tauri-apps/cli-linux-arm64-gnu@2.11.2':
    optional: true

  '@tauri-apps/cli-linux-arm64-musl@2.11.2':
    optional: true

  '@tauri-apps/cli-linux-riscv64-gnu@2.11.2':
    optional: true

  '@tauri-apps/cli-linux-x64-gnu@2.11.2':
    optional: true

  '@tauri-apps/cli-linux-x64-musl@2.11.2':
    optional: true

  '@tauri-apps/cli-win32-arm64-msvc@2.11.2':
    optional: true

  '@tauri-apps/cli-win32-ia32-msvc@2.11.2':
    optional: true

  '@tauri-apps/cli-win32-x64-msvc@2.11.2':
    optional: true

  '@tauri-apps/cli@2.11.2':
    optionalDependencies:
      '@tauri-apps/cli-darwin-arm64': 2.11.2
      '@tauri-apps/cli-darwin-x64': 2.11.2
      '@tauri-apps/cli-linux-arm-gnueabihf': 2.11.2
      '@tauri-apps/cli-linux-arm64-gnu': 2.11.2
      '@tauri-apps/cli-linux-arm64-musl': 2.11.2
      '@tauri-apps/cli-linux-riscv64-gnu': 2.11.2
      '@tauri-apps/cli-linux-x64-gnu': 2.11.2
      '@tauri-apps/cli-linux-x64-musl': 2.11.2
      '@tauri-apps/cli-win32-arm64-msvc': 2.11.2
      '@tauri-apps/cli-win32-ia32-msvc': 2.11.2
      '@tauri-apps/cli-win32-x64-msvc': 2.11.2

  '@tauri-apps/plugin-dialog@2.7.1':
    dependencies:
      '@tauri-apps/api': 2.11.0

  '@types/babel__core@7.20.5':
    dependencies:
      '@babel/parser': 7.29.3
      '@babel/types': 7.29.0
      '@types/babel__generator': 7.27.0
      '@types/babel__template': 7.4.4
      '@types/babel__traverse': 7.28.0

  '@types/babel__generator@7.27.0':
    dependencies:
      '@babel/types': 7.29.0

  '@types/babel__template@7.4.4':
    dependencies:
      '@babel/parser': 7.29.3
      '@babel/types': 7.29.0

  '@types/babel__traverse@7.28.0':
    dependencies:
      '@babel/types': 7.29.0

  '@types/estree@1.0.8': {}

  '@types/node@22.19.19':
    dependencies:
      undici-types: 6.21.0

  '@types/react-dom@19.2.3(@types/react@19.2.15)':
    dependencies:
      '@types/react': 19.2.15

  '@types/react@19.2.15':
    dependencies:
      csstype: 3.2.3

  '@vitejs/plugin-react@4.7.0(vite@6.4.2(@types/node@22.19.19)(jiti@2.7.0)(lightningcss@1.32.0))':
    dependencies:
      '@babel/core': 7.29.0
      '@babel/plugin-transform-react-jsx-self': 7.27.1(@babel/core@7.29.0)
      '@babel/plugin-transform-react-jsx-source': 7.27.1(@babel/core@7.29.0)
      '@rolldown/pluginutils': 1.0.0-beta.27
      '@types/babel__core': 7.20.5
      react-refresh: 0.17.0
      vite: 6.4.2(@types/node@22.19.19)(jiti@2.7.0)(lightningcss@1.32.0)
    transitivePeerDependencies:
      - supports-color

  baseline-browser-mapping@2.10.31: {}

  browserslist@4.28.2:
    dependencies:
      baseline-browser-mapping: 2.10.31
      caniuse-lite: 1.0.30001793
      electron-to-chromium: 1.5.360
      node-releases: 2.0.45
      update-browserslist-db: 1.2.3(browserslist@4.28.2)

  caniuse-lite@1.0.30001793: {}

  class-variance-authority@0.7.1:
    dependencies:
      clsx: 2.1.1

  clsx@2.1.1: {}

  convert-source-map@2.0.0: {}

  csstype@3.2.3: {}

  debug@4.4.3:
    dependencies:
      ms: 2.1.3

  detect-libc@2.1.2: {}

  electron-to-chromium@1.5.360: {}

  enhanced-resolve@5.21.6:
    dependencies:
      graceful-fs: 4.2.11
      tapable: 2.3.3

  esbuild@0.25.12:
    optionalDependencies:
      '@esbuild/aix-ppc64': 0.25.12
      '@esbuild/android-arm': 0.25.12
      '@esbuild/android-arm64': 0.25.12
      '@esbuild/android-x64': 0.25.12
      '@esbuild/darwin-arm64': 0.25.12
      '@esbuild/darwin-x64': 0.25.12
      '@esbuild/freebsd-arm64': 0.25.12
      '@esbuild/freebsd-x64': 0.25.12
      '@esbuild/linux-arm': 0.25.12
      '@esbuild/linux-arm64': 0.25.12
      '@esbuild/linux-ia32': 0.25.12
      '@esbuild/linux-loong64': 0.25.12
      '@esbuild/linux-mips64el': 0.25.12
      '@esbuild/linux-ppc64': 0.25.12
      '@esbuild/linux-riscv64': 0.25.12
      '@esbuild/linux-s390x': 0.25.12
      '@esbuild/linux-x64': 0.25.12
      '@esbuild/netbsd-arm64': 0.25.12
      '@esbuild/netbsd-x64': 0.25.12
      '@esbuild/openbsd-arm64': 0.25.12
      '@esbuild/openbsd-x64': 0.25.12
      '@esbuild/openharmony-arm64': 0.25.12
      '@esbuild/sunos-x64': 0.25.12
      '@esbuild/win32-arm64': 0.25.12
      '@esbuild/win32-ia32': 0.25.12
      '@esbuild/win32-x64': 0.25.12

  escalade@3.2.0: {}

  fdir@6.5.0(picomatch@4.0.4):
    optionalDependencies:
      picomatch: 4.0.4

  fsevents@2.3.3:
    optional: true

  gensync@1.0.0-beta.2: {}

  graceful-fs@4.2.11: {}

  jiti@2.7.0: {}

  js-tokens@4.0.0: {}

  jsesc@3.1.0: {}

  json5@2.2.3: {}

  lightningcss-android-arm64@1.32.0:
    optional: true

  lightningcss-darwin-arm64@1.32.0:
    optional: true

  lightningcss-darwin-x64@1.32.0:
    optional: true

  lightningcss-freebsd-x64@1.32.0:
    optional: true

  lightningcss-linux-arm-gnueabihf@1.32.0:
    optional: true

  lightningcss-linux-arm64-gnu@1.32.0:
    optional: true

  lightningcss-linux-arm64-musl@1.32.0:
    optional: true

  lightningcss-linux-x64-gnu@1.32.0:
    optional: true

  lightningcss-linux-x64-musl@1.32.0:
    optional: true

  lightningcss-win32-arm64-msvc@1.32.0:
    optional: true

  lightningcss-win32-x64-msvc@1.32.0:
    optional: true

  lightningcss@1.32.0:
    dependencies:
      detect-libc: 2.1.2
    optionalDependencies:
      lightningcss-android-arm64: 1.32.0
      lightningcss-darwin-arm64: 1.32.0
      lightningcss-darwin-x64: 1.32.0
      lightningcss-freebsd-x64: 1.32.0
      lightningcss-linux-arm-gnueabihf: 1.32.0
      lightningcss-linux-arm64-gnu: 1.32.0
      lightningcss-linux-arm64-musl: 1.32.0
      lightningcss-linux-x64-gnu: 1.32.0
      lightningcss-linux-x64-musl: 1.32.0
      lightningcss-win32-arm64-msvc: 1.32.0
      lightningcss-win32-x64-msvc: 1.32.0

  lru-cache@5.1.1:
    dependencies:
      yallist: 3.1.1

  lucide-react@0.468.0(react@19.2.6):
    dependencies:
      react: 19.2.6

  magic-string@0.30.21:
    dependencies:
      '@jridgewell/sourcemap-codec': 1.5.5

  ms@2.1.3: {}

  nanoid@3.3.12: {}

  node-releases@2.0.45: {}

  picocolors@1.1.1: {}

  picomatch@4.0.4: {}

  postcss@8.5.15:
    dependencies:
      nanoid: 3.3.12
      picocolors: 1.1.1
      source-map-js: 1.2.1

  react-dom@19.2.6(react@19.2.6):
    dependencies:
      react: 19.2.6
      scheduler: 0.27.0

  react-refresh@0.17.0: {}

  react@19.2.6: {}

  rollup@4.60.4:
    dependencies:
      '@types/estree': 1.0.8
    optionalDependencies:
      '@rollup/rollup-android-arm-eabi': 4.60.4
      '@rollup/rollup-android-arm64': 4.60.4
      '@rollup/rollup-darwin-arm64': 4.60.4
      '@rollup/rollup-darwin-x64': 4.60.4
      '@rollup/rollup-freebsd-arm64': 4.60.4
      '@rollup/rollup-freebsd-x64': 4.60.4
      '@rollup/rollup-linux-arm-gnueabihf': 4.60.4
      '@rollup/rollup-linux-arm-musleabihf': 4.60.4
      '@rollup/rollup-linux-arm64-gnu': 4.60.4
      '@rollup/rollup-linux-arm64-musl': 4.60.4
      '@rollup/rollup-linux-loong64-gnu': 4.60.4
      '@rollup/rollup-linux-loong64-musl': 4.60.4
      '@rollup/rollup-linux-ppc64-gnu': 4.60.4
      '@rollup/rollup-linux-ppc64-musl': 4.60.4
      '@rollup/rollup-linux-riscv64-gnu': 4.60.4
      '@rollup/rollup-linux-riscv64-musl': 4.60.4
      '@rollup/rollup-linux-s390x-gnu': 4.60.4
      '@rollup/rollup-linux-x64-gnu': 4.60.4
      '@rollup/rollup-linux-x64-musl': 4.60.4
      '@rollup/rollup-openbsd-x64': 4.60.4
      '@rollup/rollup-openharmony-arm64': 4.60.4
      '@rollup/rollup-win32-arm64-msvc': 4.60.4
      '@rollup/rollup-win32-ia32-msvc': 4.60.4
      '@rollup/rollup-win32-x64-gnu': 4.60.4
      '@rollup/rollup-win32-x64-msvc': 4.60.4
      fsevents: 2.3.3

  scheduler@0.27.0: {}

  semver@6.3.1: {}

  source-map-js@1.2.1: {}

  tailwind-merge@2.6.1: {}

  tailwindcss@4.3.0: {}

  tapable@2.3.3: {}

  tinyglobby@0.2.16:
    dependencies:
      fdir: 6.5.0(picomatch@4.0.4)
      picomatch: 4.0.4

  tslib@2.8.1: {}

  typescript@5.9.3: {}

  undici-types@6.21.0: {}

  update-browserslist-db@1.2.3(browserslist@4.28.2):
    dependencies:
      browserslist: 4.28.2
      escalade: 3.2.0
      picocolors: 1.1.1

  vite@6.4.2(@types/node@22.19.19)(jiti@2.7.0)(lightningcss@1.32.0):
    dependencies:
      esbuild: 0.25.12
      fdir: 6.5.0(picomatch@4.0.4)
      picomatch: 4.0.4
      postcss: 8.5.15
      rollup: 4.60.4
      tinyglobby: 0.2.16
    optionalDependencies:
      '@types/node': 22.19.19
      fsevents: 2.3.3
      jiti: 2.7.0
      lightningcss: 1.32.0

  yallist@3.1.1: {}
